<?xml version="1.0" encoding="utf-8"?>
<Project ToolsVersion="4.0" xmlns="http://schemas.microsoft.com/developer/msbuild/2003">
  <ItemGroup>
    <Filter Include="Source Files">
      <UniqueIdentifier>{4FC737F1-C7A5-4376-A066-2A32D752A2FF}</UniqueIdentifier>
      <Extensions>cpp;c;cc;cxx;def;odl;idl;hpj;bat;asm;asmx</Extensions>
    </Filter>
    <Filter Include="Header Files">
      <UniqueIdentifier>{93995380-89BD-4b04-88EB-625FBE52EBFB}</UniqueIdentifier>
      <Extensions>h;hh;hpp;hxx;hm;inl;inc;ipp;xsd</Extensions>
    </Filter>
    <Filter Include="Resource Files">
      <UniqueIdentifier>{67DA6AB6-F800-4c08-8B7A-83BB121AAD01}</UniqueIdentifier>
      <Extensions>rc;ico;cur;bmp;dlg;rc2;rct;bin;rgs;gif;jpg;jpeg;jpe;resx;tiff;tif;png;wav;mfcribbon-ms</Extensions>
    </Filter>
    <Filter Include="Source Files\src">
      <UniqueIdentifier>{beda3183-d170-4672-9ea9-3f33fd8eb383}</UniqueIdentifier>
    </Filter>
    <Filter Include="Source Files\src\others">
      <UniqueIdentifier>{679d0c2e-c400-4707-892a-4cd20e78cda2}</UniqueIdentifier>
    </Filter>
    <Filter Include="Source Files\src\newlibrary">
      <UniqueIdentifier>{3cbb2b30-a419-432d-9874-3178ba939897}</UniqueIdentifier>
    </Filter>
    <Filter Include="Source Files\src\newlanguage">
      <UniqueIdentifier>{2eae02d0-cbe0-4fb7-ac6b-1e2a6dc41ace}</UniqueIdentifier>
    </Filter>
  </ItemGroup>
  <ItemGroup>
    <ClCompile Include="main.cpp">
      <Filter>Source Files</Filter>
    </ClCompile>
    <ClCompile Include="src\others\test_constexp.cpp">
      <Filter>Source Files\src\others</Filter>
    </ClCompile>
    <ClCompile Include="src\newlanguage\test_binary_literal.cpp">
      <Filter>Source Files\src\newlanguage</Filter>
    </ClCompile>
    <ClCompile Include="src\newlanguage\test_decltype_auto.cpp">
      <Filter>Source Files\src\newlanguage</Filter>
    </ClCompile>
    <ClCompile Include="src\newlanguage\test_generic_lambda.cpp">
      <Filter>Source Files\src\newlanguage</Filter>
    </ClCompile>
    <ClCompile Include="src\newlanguage\test_lambda_capture.cpp">
      <Filter>Source Files\src\newlanguage</Filter>
    </ClCompile>
    <ClCompile Include="src\newlanguage\test_relaxingconstraint_constexprfucntion.cpp">
      <Filter>Source Files\src\newlanguage</Filter>
    </ClCompile>
    <ClCompile Include="src\newlanguage\test_return_type_deduction.cpp">
      <Filter>Source Files\src\newlanguage</Filter>
    </ClCompile>
    <ClCompile Include="src\newlanguage\test_variable_template.cpp">
      <Filter>Source Files\src\newlanguage</Filter>
    </ClCompile>
    <ClCompile Include="src\newlibrary\test_user_defined_literal.cpp">
      <Filter>Source Files\src\newlibrary</Filter>
    </ClCompile>
    <ClCompile Include="src\newlibrary\test_compile_time_integer_sequence.cpp">
      <Filter>Source Files\src\newlibrary</Filter>
    </ClCompile>
    <ClCompile Include="src\newlibrary\test_make_unique_ptr.cpp">
      <Filter>Source Files\src\newlibrary</Filter>
    </ClCompile>
  </ItemGroup>
  <ItemGroup>
    <ClInclude Include="src\others\test_constexp.h">
      <Filter>Source Files\src\others</Filter>
    </ClInclude>
    <ClInclude Include="src\newlanguage\test_binary_literal.h">
      <Filter>Source Files\src\newlanguage</Filter>
    </ClInclude>
    <ClInclude Include="src\newlanguage\test_decltype_auto.h">
      <Filter>Source Files\src\newlanguage</Filter>
    </ClInclude>
    <ClInclude Include="src\newlanguage\test_generic_lambda.h">
      <Filter>Source Files\src\newlanguage</Filter>
    </ClInclude>
    <ClInclude Include="src\newlanguage\test_lambda_capture.h">
      <Filter>Source Files\src\newlanguage</Filter>
    </ClInclude>
    <ClInclude Include="src\newlanguage\test_relaxingconstraint_constexprfucntion.h">
      <Filter>Source Files\src\newlanguage</Filter>
    </ClInclude>
    <ClInclude Include="src\newlanguage\test_return_type_deduction.h">
      <Filter>Source Files\src\newlanguage</Filter>
    </ClInclude>
    <ClInclude Include="src\newlanguage\test_variable_template.h">
      <Filter>Source Files\src\newlanguage</Filter>
    </ClInclude>
    <ClInclude Include="src\newlibrary\test_user_defined_literal.h">
      <Filter>Source Files\src\newlibrary</Filter>
    </ClInclude>
    <ClInclude Include="src\newlibrary\test_compile_time_integer_sequence.h">
      <Filter>Source Files\src\newlibrary</Filter>
    </ClInclude>
    <ClInclude Include="src\newlibrary\test_make_unique_ptr.h">
      <Filter>Source Files\src\newlibrary</Filter>
    </ClInclude>
  </ItemGroup>
</Project>